
Microsoft Visual Studio Solution File, Format Version 12.00
# Visual Studio Version 17
VisualStudioVersion = 17.1.32328.378
MinimumVisualStudioVersion = 10.0.40219.1
Project("{9A19103F-16F7-4668-BE54-9A1E7A4F7556}") = "FunTrip", "FunTrip\FunTrip.csproj", "{845F8FCF-5935-4C96-9D80-58DEA084ABE6}"
EndProject
Project("{9A19103F-16F7-4668-BE54-9A1E7A4F7556}") = "BusinessObject", "BusinessObject\BusinessObject.csproj", "{09B3B531-11D8-4DDE-8E5B-5C42CA870A02}"
EndProject
Project("{FAE04EC0-301F-11D3-BF4B-00C04F79EFBC}") = "DataAccess", "DataAccess\DataAccess.csproj", "{A73EF49F-35FA-4CCE-9E98-3A8217208BA1}"
EndProject
Global
	GlobalSection(SolutionConfigurationPlatforms) = preSolution
		Debug|Any CPU = Debug|Any CPU
		Release|Any CPU = Release|Any CPU
	EndGlobalSection
	GlobalSection(ProjectConfigurationPlatforms) = postSolution
		{845F8FCF-5935-4C96-9D80-58DEA084ABE6}.Debug|Any CPU.ActiveCfg = Debug|Any CPU
		{845F8FCF-5935-4C96-9D80-58DEA084ABE6}.Debug|Any CPU.Build.0 = Debug|Any CPU
		{845F8FCF-5935-4C96-9D80-58DEA084ABE6}.Release|Any CPU.ActiveCfg = Release|Any CPU
		{845F8FCF-5935-4C96-9D80-58DEA084ABE6}.Release|Any CPU.Build.0 = Release|Any CPU
		{09B3B531-11D8-4DDE-8E5B-5C42CA870A02}.Debug|Any CPU.ActiveCfg = Debug|Any CPU
		{09B3B531-11D8-4DDE-8E5B-5C42CA870A02}.Debug|Any CPU.Build.0 = Debug|Any CPU
		{09B3B531-11D8-4DDE-8E5B-5C42CA870A02}.Release|Any CPU.ActiveCfg = Release|Any CPU
		{09B3B531-11D8-4DDE-8E5B-5C42CA870A02}.Release|Any CPU.Build.0 = Release|Any CPU
		{A73EF49F-35FA-4CCE-9E98-3A8217208BA1}.Debug|Any CPU.ActiveCfg = Debug|Any CPU
		{A73EF49F-35FA-4CCE-9E98-3A8217208BA1}.Debug|Any CPU.Build.0 = Debug|Any CPU
		{A73EF49F-35FA-4CCE-9E98-3A8217208BA1}.Release|Any CPU.ActiveCfg = Release|Any CPU
		{A73EF49F-35FA-4CCE-9E98-3A8217208BA1}.Release|Any CPU.Build.0 = Release|Any CPU
	EndGlobalSection
	GlobalSection(SolutionProperties) = preSolution
		HideSolutionNode = FALSE
	EndGlobalSection
	GlobalSection(ExtensibilityGlobals) = postSolution
		SolutionGuid = {006BDE14-5F18-4356-9785-003CB512344E}
	EndGlobalSection
EndGlobal
